
Microsoft Visual Studio Solution File, Format Version 12.00
# Visual Studio Version 17
VisualStudioVersion = 17.2.32505.173
MinimumVisualStudioVersion = 10.0.40219.1
Project("{FAE04EC0-301F-11D3-BF4B-00C04F79EFBC}") = "Ejercicio07.Android", "Ejercicio07\Ejercicio07.Android\Ejercicio07.Android.csproj", "{42D0ED86-C42F-4D11-ACF8-C5764CF22E0E}"
EndProject
Project("{FAE04EC0-301F-11D3-BF4B-00C04F79EFBC}") = "Ejercicio07", "Ejercicio07\Ejercicio07\Ejercicio07.csproj", "{A2C35328-3489-444C-A079-2BC692FDECAE}"
EndProject
Global
	GlobalSection(SolutionConfigurationPlatforms) = preSolution
		Debug|Any CPU = Debug|Any CPU
		Release|Any CPU = Release|Any CPU
	EndGlobalSection
	GlobalSection(ProjectConfigurationPlatforms) = postSolution
		{42D0ED86-C42F-4D11-ACF8-C5764CF22E0E}.Debug|Any CPU.ActiveCfg = Debug|Any CPU
		{42D0ED86-C42F-4D11-ACF8-C5764CF22E0E}.Debug|Any CPU.Build.0 = Debug|Any CPU
		{42D0ED86-C42F-4D11-ACF8-C5764CF22E0E}.Debug|Any CPU.Deploy.0 = Debug|Any CPU
		{42D0ED86-C42F-4D11-ACF8-C5764CF22E0E}.Release|Any CPU.ActiveCfg = Release|Any CPU
		{42D0ED86-C42F-4D11-ACF8-C5764CF22E0E}.Release|Any CPU.Build.0 = Release|Any CPU
		{42D0ED86-C42F-4D11-ACF8-C5764CF22E0E}.Release|Any CPU.Deploy.0 = Release|Any CPU
		{A2C35328-3489-444C-A079-2BC692FDECAE}.Debug|Any CPU.ActiveCfg = Debug|Any CPU
		{A2C35328-3489-444C-A079-2BC692FDECAE}.Debug|Any CPU.Build.0 = Debug|Any CPU
		{A2C35328-3489-444C-A079-2BC692FDECAE}.Debug|Any CPU.Deploy.0 = Debug|Any CPU
		{A2C35328-3489-444C-A079-2BC692FDECAE}.Release|Any CPU.ActiveCfg = Release|Any CPU
		{A2C35328-3489-444C-A079-2BC692FDECAE}.Release|Any CPU.Build.0 = Release|Any CPU
		{A2C35328-3489-444C-A079-2BC692FDECAE}.Release|Any CPU.Deploy.0 = Release|Any CPU
	EndGlobalSection
	GlobalSection(SolutionProperties) = preSolution
		HideSolutionNode = FALSE
	EndGlobalSection
	GlobalSection(ExtensibilityGlobals) = postSolution
		SolutionGuid = {F4EDAEE6-2395-46EF-8947-162A8BBF0DC6}
	EndGlobalSection
EndGlobal
